
Microsoft Visual Studio Solution File, Format Version 12.00
# Visual Studio Version 17
VisualStudioVersion = 17.4.33103.184
MinimumVisualStudioVersion = 10.0.40219.1
Project("{9A19103F-16F7-4668-BE54-9A1E7A4F7556}") = "BlazorWasmCrud.Server", "BlazorWasmCrud\Server\BlazorWasmCrud.Server.csproj", "{40B979BF-7534-47AF-B096-D321C4BF5D35}"
EndProject
Project("{9A19103F-16F7-4668-BE54-9A1E7A4F7556}") = "BlazorWasmCrud.Client", "BlazorWasmCrud\Client\BlazorWasmCrud.Client.csproj", "{DA0E51EF-DCB3-4B70-87A1-B3A6BE7B9ACF}"
EndProject
Project("{9A19103F-16F7-4668-BE54-9A1E7A4F7556}") = "BlazorWasmCrud.Shared", "BlazorWasmCrud\Shared\BlazorWasmCrud.Shared.csproj", "{52E9F8F6-AAFB-427B-9FA6-4306CC65B757}"
EndProject
Global
	GlobalSection(SolutionConfigurationPlatforms) = preSolution
		Debug|Any CPU = Debug|Any CPU
		Release|Any CPU = Release|Any CPU
	EndGlobalSection
	GlobalSection(ProjectConfigurationPlatforms) = postSolution
		{40B979BF-7534-47AF-B096-D321C4BF5D35}.Debug|Any CPU.ActiveCfg = Debug|Any CPU
		{40B979BF-7534-47AF-B096-D321C4BF5D35}.Debug|Any CPU.Build.0 = Debug|Any CPU
		{40B979BF-7534-47AF-B096-D321C4BF5D35}.Release|Any CPU.ActiveCfg = Release|Any CPU
		{40B979BF-7534-47AF-B096-D321C4BF5D35}.Release|Any CPU.Build.0 = Release|Any CPU
		{DA0E51EF-DCB3-4B70-87A1-B3A6BE7B9ACF}.Debug|Any CPU.ActiveCfg = Debug|Any CPU
		{DA0E51EF-DCB3-4B70-87A1-B3A6BE7B9ACF}.Debug|Any CPU.Build.0 = Debug|Any CPU
		{DA0E51EF-DCB3-4B70-87A1-B3A6BE7B9ACF}.Release|Any CPU.ActiveCfg = Release|Any CPU
		{DA0E51EF-DCB3-4B70-87A1-B3A6BE7B9ACF}.Release|Any CPU.Build.0 = Release|Any CPU
		{52E9F8F6-AAFB-427B-9FA6-4306CC65B757}.Debug|Any CPU.ActiveCfg = Debug|Any CPU
		{52E9F8F6-AAFB-427B-9FA6-4306CC65B757}.Debug|Any CPU.Build.0 = Debug|Any CPU
		{52E9F8F6-AAFB-427B-9FA6-4306CC65B757}.Release|Any CPU.ActiveCfg = Release|Any CPU
		{52E9F8F6-AAFB-427B-9FA6-4306CC65B757}.Release|Any CPU.Build.0 = Release|Any CPU
	EndGlobalSection
	GlobalSection(SolutionProperties) = preSolution
		HideSolutionNode = FALSE
	EndGlobalSection
	GlobalSection(ExtensibilityGlobals) = postSolution
		SolutionGuid = {256EFBA0-1372-4F85-A046-670A60323A5A}
	EndGlobalSection
EndGlobal
